
Microsoft Visual Studio Solution File, Format Version 11.00
# Visual Studio 2010
Project("{FAE04EC0-301F-11D3-BF4B-00C04F79EFBC}") = "PhotoEditor", "PhotoEditor\PhotoEditor.csproj", "{610CE56C-5140-405C-B493-C942C99EF770}"
EndProject
Global
	GlobalSection(SolutionConfigurationPlatforms) = preSolution
		Debug|x86 = Debug|x86
		Release|x86 = Release|x86
	EndGlobalSection
	GlobalSection(ProjectConfigurationPlatforms) = postSolution
		{610CE56C-5140-405C-B493-C942C99EF770}.Debug|x86.ActiveCfg = Debug|x86
		{610CE56C-5140-405C-B493-C942C99EF770}.Debug|x86.Build.0 = Debug|x86
		{610CE56C-5140-405C-B493-C942C99EF770}.Release|x86.ActiveCfg = Release|x86
		{610CE56C-5140-405C-B493-C942C99EF770}.Release|x86.Build.0 = Release|x86
	EndGlobalSection
	GlobalSection(SolutionProperties) = preSolution
		HideSolutionNode = FALSE
	EndGlobalSection
EndGlobal
